{
  "meteor": {
    "git": "https://github.com/meteor/meteor.git",
    "branch": "master",
    "commit": "1dfc7171f237a029cca74cbf25024acbf6ed5b75"
  },
  "dependencies": {
    "basePackages": {
      "router": {},
      "chartjs": {},
      "bootstrap-wysiwyg": {},
      "tour": {},
      "accounts-ui-bootstrap-dropdown": {},
      "moment": {},
      "validation": {},
      "x-editable-bootstrap": {},
      "bootstrap-growl": {}
    },
    "packages": {
      "router": {
        "git": "https://github.com/tmeasday/meteor-router.git",
        "tag": "v0.5.1",
        "commit": "32e377c7703bb119acccc859fc7296882903cbe7"
      },
      "chartjs": {
        "git": "https://github.com/donskifarrell/meteor-chartjs.git",
        "tag": "v0.0.3",
        "commit": "cd3339ccbc99eb8fe7664a918aef25423bdaca3b"
      },
      "bootstrap-wysiwyg": {
        "git": "https://github.com/mcrider/meteor-bootstrap-wysiwyg.git",
        "tag": "v0.1.0",
        "commit": "b9b1ffadb42b8bbfade08aaea10e4fbe890d21dd"
      },
      "tour": {
        "git": "https://github.com/kidovate/meteor-bootstrap-tour.git",
        "tag": "v0.3.2",
        "commit": "5f1d9df8c425f919238096b97013c86cb74f72c0"
      },
      "accounts-ui-bootstrap-dropdown": {
        "git": "https://github.com/erobit/meteor-accounts-ui-bootstrap-dropdown.git",
        "tag": "v0.1.0",
        "commit": "e66558aaa4dc0d85c6ddb63bd2289b38c2b793f6"
      },
      "moment": {
        "git": "https://github.com/possibilities/meteor-moment.git",
        "tag": "v1.7.0",
        "commit": "c64b6ec0e714b9556f4b6643d430b868ba69d3d7"
      },
      "validation": {
        "git": "https://github.com/possibilities/meteor-validation.git",
        "tag": "v0.0.7",
        "commit": "14dfdc6e08ffc0ad173d0f2ae244d9ed8dd8e18e"
      },
      "x-editable-bootstrap": {
        "git": "https://github.com/nate-strauser/meteor-x-editable-bootstrap.git",
        "tag": "v0.1.3",
        "commit": "ec1fc58812d9794880b483755ffc54d4a5e235f1"
      },
      "bootstrap-growl": {
        "git": "https://github.com/TimHeckel/meteor-bootstrap-growl.git",
        "tag": "v0.1.1",
        "commit": "674fd231a46e405f8d4eb463725d8003a02374ec"
      },
      "page-js-ie-support": {
        "git": "https://github.com/tmeasday/meteor-page-js-ie-support.git",
        "tag": "v1.3.5",
        "commit": "b99ed8380aefd10b2afc8f18d9eed4dd0d8ea9cb"
      },
      "underscore-string": {
        "git": "https://github.com/possibilities/meteor-underscore-string.git",
        "tag": "v2.2.0rc.1",
        "commit": "dec21fac23310daf76dc19f246749e7beb48af03"
      }
    }
  }
}
